<?xml version="1.0" encoding="utf-8"?>
<Project ToolsVersion="4.0" xmlns="http://schemas.microsoft.com/developer/msbuild/2003">
  <ItemGroup>
    <ClCompile Include="imgui\imgui.cpp">
      <Filter>imgui</Filter>
    </ClCompile>
    <ClCompile Include="imgui\imgui_demo.cpp">
      <Filter>imgui</Filter>
    </ClCompile>
    <ClCompile Include="imgui\imgui_draw.cpp">
      <Filter>imgui</Filter>
    </ClCompile>
    <ClCompile Include="imgui\imgui_impl_glfw.cpp">
      <Filter>imgui</Filter>
    </ClCompile>
    <ClCompile Include="imgui\imgui_impl_opengl3.cpp">
      <Filter>imgui</Filter>
    </ClCompile>
    <ClCompile Include="imgui\imgui_tables.cpp">
      <Filter>imgui</Filter>
    </ClCompile>
    <ClCompile Include="imgui\imgui_widgets.cpp">
      <Filter>imgui</Filter>
    </ClCompile>
    <ClCompile Include="imguizmo_quat\imGuIZMOquat.cpp">
      <Filter>imguizmo_quat</Filter>
    </ClCompile>
    <ClCompile Include="src\App.cpp">
      <Filter>src</Filter>
    </ClCompile>
    <ClCompile Include="src\blur.cpp">
      <Filter>src</Filter>
    </ClCompile>
    <ClCompile Include="src\camera.cpp">
      <Filter>src</Filter>
    </ClCompile>
    <ClCompile Include="src\common_helper.cpp">
      <Filter>src</Filter>
    </ClCompile>
    <ClCompile Include="src\cubemap.cpp">
      <Filter>src</Filter>
    </ClCompile>
    <ClCompile Include="src\debug.cpp">
      <Filter>src</Filter>
    </ClCompile>
    <ClCompile Include="src\deferred.cpp">
      <Filter>src</Filter>
    </ClCompile>
    <ClCompile Include="src\exceptions.cpp">
      <Filter>src</Filter>
    </ClCompile>
    <ClCompile Include="src\framebuffer.cpp">
      <Filter>src</Filter>
    </ClCompile>
    <ClCompile Include="src\fxaa.cpp">
      <Filter>src</Filter>
    </ClCompile>
    <ClCompile Include="3dparty\glad.c">
      <Filter>src</Filter>
    </ClCompile>
    <ClCompile Include="src\main.cpp">
      <Filter>src</Filter>
    </ClCompile>
    <ClCompile Include="src\random.cpp">
      <Filter>src</Filter>
    </ClCompile>
    <ClCompile Include="src\vertex_array.cpp">
      <Filter>src</Filter>
    </ClCompile>
    <ClCompile Include="src\window.cpp">
      <Filter>src</Filter>
    </ClCompile>
    <ClCompile Include="src\core\sampler.cpp">
      <Filter>src\core</Filter>
    </ClCompile>
    <ClCompile Include="src\core\sampler_manager.cpp">
      <Filter>src\core</Filter>
    </ClCompile>
    <ClCompile Include="src\core\texture.cpp">
      <Filter>src\core</Filter>
    </ClCompile>
    <ClCompile Include="src\core\texture_manager.cpp">
      <Filter>src\core</Filter>
    </ClCompile>
    <ClCompile Include="src\core\vertex_buffer_object.cpp">
      <Filter>src\core</Filter>
    </ClCompile>
    <ClCompile Include="src\lighting\light.cpp">
      <Filter>src\lighting</Filter>
    </ClCompile>
    <ClCompile Include="src\lighting\light_control.cpp">
      <Filter>src\lighting</Filter>
    </ClCompile>
    <ClCompile Include="src\lighting\ssao.cpp">
      <Filter>src\lighting</Filter>
    </ClCompile>
    <ClCompile Include="src\lighting\ssao_kernel.cpp">
      <Filter>src\lighting</Filter>
    </ClCompile>
    <ClCompile Include="src\ibl\brdf_map.cpp">
      <Filter>src\ibl</Filter>
    </ClCompile>
    <ClCompile Include="src\ibl\irradiance_map.cpp">
      <Filter>src\ibl</Filter>
    </ClCompile>
    <ClCompile Include="src\ibl\prefilter_map.cpp">
      <Filter>src\ibl</Filter>
    </ClCompile>
    <ClCompile Include="src\shader\shader.cpp">
      <Filter>src\shader</Filter>
    </ClCompile>
    <ClCompile Include="src\shader\shader_helper.cpp">
      <Filter>src\shader</Filter>
    </ClCompile>
    <ClCompile Include="src\shader\shader_loader.cpp">
      <Filter>src\shader</Filter>
    </ClCompile>
    <ClCompile Include="src\shader\shader_primitives.cpp">
      <Filter>src\shader</Filter>
    </ClCompile>
    <ClCompile Include="src\shape\cube_mesh.cpp">
      <Filter>src\shape</Filter>
    </ClCompile>
    <ClCompile Include="src\shape\mesh.cpp">
      <Filter>src\shape</Filter>
    </ClCompile>
    <ClCompile Include="src\model.cpp">
      <Filter>src</Filter>
    </ClCompile>
    <ClCompile Include="src\scene\model_scene.cpp">
      <Filter>src\scene</Filter>
    </ClCompile>
    <ClCompile Include="src\shape\plane_mesh.cpp">
      <Filter>src\shape</Filter>
    </ClCompile>
    <ClCompile Include="src\shape\room_mesh.cpp">
      <Filter>src\shape</Filter>
    </ClCompile>
    <ClCompile Include="src\shape\screenquad_mesh.cpp">
      <Filter>src\shape</Filter>
    </ClCompile>
    <ClCompile Include="src\shape\skybox.cpp">
      <Filter>src\shape</Filter>
    </ClCompile>
    <ClCompile Include="src\shape\sphere_mesh.cpp">
      <Filter>src\shape</Filter>
    </ClCompile>
    <ClCompile Include="src\particle\water_fountain_particle_system.cpp">
      <Filter>src\particle</Filter>
    </ClCompile>
    <ClCompile Include="src\shadows.cpp">
      <Filter>src</Filter>
    </ClCompile>
    <ClCompile Include="src\UI\ui.cpp">
      <Filter>src\UI</Filter>
    </ClCompile>
    <ClCompile Include="src\shape\cylinder.cpp">
      <Filter>src\shape</Filter>
    </ClCompile>
    <ClCompile Include="src\shape\pipe.cpp">
      <Filter>src\shape</Filter>
    </ClCompile>
    <ClCompile Include="src\shape\plane.cpp">
      <Filter>src\shape</Filter>
    </ClCompile>
    <ClCompile Include="src\shape\line.cpp">
      <Filter>src\shape</Filter>
    </ClCompile>
  </ItemGroup>
  <ItemGroup>
    <ClInclude Include="imgui\imconfig.h">
      <Filter>imgui</Filter>
    </ClInclude>
    <ClInclude Include="imgui\imgui.h">
      <Filter>imgui</Filter>
    </ClInclude>
    <ClInclude Include="imgui\imgui_impl_glfw.h">
      <Filter>imgui</Filter>
    </ClInclude>
    <ClInclude Include="imgui\imgui_impl_opengl3.h">
      <Filter>imgui</Filter>
    </ClInclude>
    <ClInclude Include="imgui\imgui_impl_opengl3_loader.h">
      <Filter>imgui</Filter>
    </ClInclude>
    <ClInclude Include="imgui\imgui_internal.h">
      <Filter>imgui</Filter>
    </ClInclude>
    <ClInclude Include="imgui\imstb_rectpack.h">
      <Filter>imgui</Filter>
    </ClInclude>
    <ClInclude Include="imgui\imstb_textedit.h">
      <Filter>imgui</Filter>
    </ClInclude>
    <ClInclude Include="imgui\imstb_truetype.h">
      <Filter>imgui</Filter>
    </ClInclude>
    <ClInclude Include="imguizmo_quat\vgMath.h">
      <Filter>imguizmo_quat</Filter>
    </ClInclude>
    <ClInclude Include="imguizmo_quat\vGizmoMath.h">
      <Filter>imguizmo_quat</Filter>
    </ClInclude>
    <ClInclude Include="imguizmo_quat\vGizmo.h">
      <Filter>imguizmo_quat</Filter>
    </ClInclude>
    <ClInclude Include="imguizmo_quat\vgConfig.h">
      <Filter>imguizmo_quat</Filter>
    </ClInclude>
    <ClInclude Include="imguizmo_quat\imGuIZMOquat.h">
      <Filter>imguizmo_quat</Filter>
    </ClInclude>
    <ClInclude Include="src\App.h">
      <Filter>src</Filter>
    </ClInclude>
    <ClInclude Include="src\blur.h">
      <Filter>src</Filter>
    </ClInclude>
    <ClInclude Include="src\camera.h">
      <Filter>src</Filter>
    </ClInclude>
    <ClInclude Include="src\cme_defs.h">
      <Filter>src</Filter>
    </ClInclude>
    <ClInclude Include="src\common_helper.h">
      <Filter>src</Filter>
    </ClInclude>
    <ClInclude Include="src\cubemap.h">
      <Filter>src</Filter>
    </ClInclude>
    <ClInclude Include="src\debug.h">
      <Filter>src</Filter>
    </ClInclude>
    <ClInclude Include="src\deferred.h">
      <Filter>src</Filter>
    </ClInclude>
    <ClInclude Include="src\exceptions.h">
      <Filter>src</Filter>
    </ClInclude>
    <ClInclude Include="src\framebuffer.h">
      <Filter>src</Filter>
    </ClInclude>
    <ClInclude Include="src\fxaa.h">
      <Filter>src</Filter>
    </ClInclude>
    <ClInclude Include="src\random.h">
      <Filter>src</Filter>
    </ClInclude>
    <ClInclude Include="src\screen.h">
      <Filter>src</Filter>
    </ClInclude>
    <ClInclude Include="src\shadows.h">
      <Filter>src</Filter>
    </ClInclude>
    <ClInclude Include="src\stb_image.h">
      <Filter>src</Filter>
    </ClInclude>
    <ClInclude Include="src\texture_map.h">
      <Filter>src</Filter>
    </ClInclude>
    <ClInclude Include="src\vertex_array.h">
      <Filter>src</Filter>
    </ClInclude>
    <ClInclude Include="src\window.h">
      <Filter>src</Filter>
    </ClInclude>
    <ClInclude Include="src\core\sampler.h">
      <Filter>src\core</Filter>
    </ClInclude>
    <ClInclude Include="src\core\sampler_manager.h">
      <Filter>src\core</Filter>
    </ClInclude>
    <ClInclude Include="src\core\texture.h">
      <Filter>src\core</Filter>
    </ClInclude>
    <ClInclude Include="src\core\texture_manager.h">
      <Filter>src\core</Filter>
    </ClInclude>
    <ClInclude Include="src\core\vertex_buffer_object.h">
      <Filter>src\core</Filter>
    </ClInclude>
    <ClInclude Include="src\lighting\light.h">
      <Filter>src\lighting</Filter>
    </ClInclude>
    <ClInclude Include="src\lighting\light_control.h">
      <Filter>src\lighting</Filter>
    </ClInclude>
    <ClInclude Include="src\lighting\ssao.h">
      <Filter>src\lighting</Filter>
    </ClInclude>
    <ClInclude Include="src\lighting\ssao_kernel.h">
      <Filter>src\lighting</Filter>
    </ClInclude>
    <ClInclude Include="src\ibl\brdf_map.h">
      <Filter>src\ibl</Filter>
    </ClInclude>
    <ClInclude Include="src\ibl\irradiance_map.h">
      <Filter>src\ibl</Filter>
    </ClInclude>
    <ClInclude Include="src\ibl\prefilter_map.h">
      <Filter>src\ibl</Filter>
    </ClInclude>
    <ClInclude Include="src\shader\shader.h">
      <Filter>src\shader</Filter>
    </ClInclude>
    <ClInclude Include="src\shader\shader_defs.h">
      <Filter>src\shader</Filter>
    </ClInclude>
    <ClInclude Include="src\shader\shader_helper.h">
      <Filter>src\shader</Filter>
    </ClInclude>
    <ClInclude Include="src\shader\shader_loader.h">
      <Filter>src\shader</Filter>
    </ClInclude>
    <ClInclude Include="src\shader\shader_primitives.h">
      <Filter>src\shader</Filter>
    </ClInclude>
    <ClInclude Include="src\shape\cube_mesh.h">
      <Filter>src\shape</Filter>
    </ClInclude>
    <ClInclude Include="src\shape\mesh.h">
      <Filter>src\shape</Filter>
    </ClInclude>
    <ClInclude Include="src\model.h">
      <Filter>src</Filter>
    </ClInclude>
    <ClInclude Include="src\shape\plane_mesh.h">
      <Filter>src\shape</Filter>
    </ClInclude>
    <ClInclude Include="src\shape\room_mesh.h">
      <Filter>src\shape</Filter>
    </ClInclude>
    <ClInclude Include="src\shape\screenquad_mesh.h">
      <Filter>src\shape</Filter>
    </ClInclude>
    <ClInclude Include="src\shape\skybox.h">
      <Filter>src\shape</Filter>
    </ClInclude>
    <ClInclude Include="src\scene\model_scene.h">
      <Filter>src\scene</Filter>
    </ClInclude>
    <ClInclude Include="src\shape\sphere_mesh.h">
      <Filter>src\shape</Filter>
    </ClInclude>
    <ClInclude Include="src\particle\water_fountain_particle_system.h">
      <Filter>src\particle</Filter>
    </ClInclude>
    <ClInclude Include="src\particle\base_particle.h">
      <Filter>src\particle</Filter>
    </ClInclude>
    <ClInclude Include="src\UI\ui.h">
      <Filter>src\UI</Filter>
    </ClInclude>
    <ClInclude Include="src\shape\cylinder.h">
      <Filter>src\shape</Filter>
    </ClInclude>
    <ClInclude Include="src\shape\pipe.h">
      <Filter>src\shape</Filter>
    </ClInclude>
    <ClInclude Include="src\shape\plane.h">
      <Filter>src\shape</Filter>
    </ClInclude>
    <ClInclude Include="src\shape\line.h">
      <Filter>src\shape</Filter>
    </ClInclude>
  </ItemGroup>
  <ItemGroup>
    <Filter Include="imgui">
      <UniqueIdentifier>{7a1c77ef-9046-4920-b682-1665094888da}</UniqueIdentifier>
    </Filter>
    <Filter Include="imguizmo_quat">
      <UniqueIdentifier>{e975a2fd-dde5-4fd1-a53b-a042b48b100f}</UniqueIdentifier>
    </Filter>
    <Filter Include="src">
      <UniqueIdentifier>{c873d988-0a34-45d7-b3a4-1ddad6598a1d}</UniqueIdentifier>
    </Filter>
    <Filter Include="src\core">
      <UniqueIdentifier>{10e875a4-fc9b-41ef-8ba9-d7ddb8c7b836}</UniqueIdentifier>
    </Filter>
    <Filter Include="src\ibl">
      <UniqueIdentifier>{373bd8c3-671d-417f-9b9e-3fbfd16d3a2e}</UniqueIdentifier>
    </Filter>
    <Filter Include="src\lighting">
      <UniqueIdentifier>{be43d956-0853-47de-962a-6fb017a5e168}</UniqueIdentifier>
    </Filter>
    <Filter Include="src\scene">
      <UniqueIdentifier>{c7cf93ae-96de-4f94-afb9-156d136f7db1}</UniqueIdentifier>
    </Filter>
    <Filter Include="src\shader">
      <UniqueIdentifier>{9f72c11e-39e1-4438-b6f7-959eb00eb89a}</UniqueIdentifier>
    </Filter>
    <Filter Include="src\shape">
      <UniqueIdentifier>{a4b0cc65-87e2-495f-a3f3-001ff551f5cb}</UniqueIdentifier>
    </Filter>
    <Filter Include="src\particle">
      <UniqueIdentifier>{084c70ce-78d3-4cf7-bd95-bf10007ce4b9}</UniqueIdentifier>
    </Filter>
    <Filter Include="src\UI">
      <UniqueIdentifier>{f37063f6-bfc7-444a-bb0a-3b735a427153}</UniqueIdentifier>
    </Filter>
  </ItemGroup>
</Project>